// !$*UTF8*$!
{
	archiveVersion = 1;
	classes = {
	};
	objectVersion = 46;
	objects = {

/* Begin PBXBuildFile section */
		368F2A4E1DB8532700D9F997 /* main.m in Sources */ = {isa = PBXBuildFile; fileRef = 368F2A4D1DB8532700D9F997 /* main.m */; };
		368F2A511DB8532700D9F997 /* AppDelegate.m in Sources */ = {isa = PBXBuildFile; fileRef = 368F2A501DB8532700D9F997 /* AppDelegate.m */; };
		368F2A541DB8532700D9F997 /* ViewController.m in Sources */ = {isa = PBXBuildFile; fileRef = 368F2A531DB8532700D9F997 /* ViewController.m */; };
		368F2A571DB8532800D9F997 /* Main.storyboard in Resources */ = {isa = PBXBuildFile; fileRef = 368F2A551DB8532800D9F997 /* Main.storyboard */; };
		368F2A591DB8532800D9F997 /* Assets.xcassets in Resources */ = {isa = PBXBuildFile; fileRef = 368F2A581DB8532800D9F997 /* Assets.xcassets */; };
		368F2A5C1DB8532800D9F997 /* LaunchScreen.storyboard in Resources */ = {isa = PBXBuildFile; fileRef = 368F2A5A1DB8532800D9F997 /* LaunchScreen.storyboard */; };
		368F2A671DB8532900D9F997 /* __Tests.m in Sources */ = {isa = PBXBuildFile; fileRef = 368F2A661DB8532900D9F997 /* __Tests.m */; };
		368F2A721DB8532900D9F997 /* __UITests.m in Sources */ = {isa = PBXBuildFile; fileRef = 368F2A711DB8532900D9F997 /* __UITests.m */; };
		368F2A821DB8A6C100D9F997 /* FireViewController.m in Sources */ = {isa = PBXBuildFile; fileRef = 368F2A811DB8A6C000D9F997 /* FireViewController.m */; };
		368F2A841DB8A89400D9F997 /* hhh.png in Resources */ = {isa = PBXBuildFile; fileRef = 368F2A831DB8A89400D9F997 /* hhh.png */; };
		368F2A861DB8AA1800D9F997 /* chat_unlove_pressed.png in Resources */ = {isa = PBXBuildFile; fileRef = 368F2A851DB8AA1800D9F997 /* chat_unlove_pressed.png */; };
/* End PBXBuildFile section */

/* Begin PBXContainerItemProxy section */
		368F2A631DB8532900D9F997 /* PBXContainerItemProxy */ = {
			isa = PBXContainerItemProxy;
			containerPortal = 368F2A411DB8532600D9F997 /* Project object */;
			proxyType = 1;
			remoteGlobalIDString = 368F2A481DB8532600D9F997;
			remoteInfo = "动画";
		};
		368F2A6E1DB8532900D9F997 /* PBXContainerItemProxy */ = {
			isa = PBXContainerItemProxy;
			containerPortal = 368F2A411DB8532600D9F997 /* Project object */;
			proxyType = 1;
			remoteGlobalIDString = 368F2A481DB8532600D9F997;
			remoteInfo = "动画";
		};
/* End PBXContainerItemProxy section */

/* Begin PBXFileReference section */
		368F2A491DB8532600D9F997 /* 动画.app */ = {isa = PBXFileReference; explicitFileType = wrapper.application; includeInIndex = 0; path = "动画.app"; sourceTree = BUILT_PRODUCTS_DIR; };
		368F2A4D1DB8532700D9F997 /* main.m */ = {isa = PBXFileReference; lastKnownFileType = sourcecode.c.objc; path = main.m; sourceTree = "<group>"; };
		368F2A4F1DB8532700D9F997 /* AppDelegate.h */ = {isa = PBXFileReference; lastKnownFileType = sourcecode.c.h; path = AppDelegate.h; sourceTree = "<group>"; };
		368F2A501DB8532700D9F997 /* AppDelegate.m */ = {isa = PBXFileReference; lastKnownFileType = sourcecode.c.objc; path = AppDelegate.m; sourceTree = "<group>"; };
		368F2A521DB8532700D9F997 /* ViewController.h */ = {isa = PBXFileReference; lastKnownFileType = sourcecode.c.h; path = ViewController.h; sourceTree = "<group>"; };
		368F2A531DB8532700D9F997 /* ViewController.m */ = {isa = PBXFileReference; lastKnownFileType = sourcecode.c.objc; path = ViewController.m; sourceTree = "<group>"; };
		368F2A561DB8532800D9F997 /* Base */ = {isa = PBXFileReference; lastKnownFileType = file.storyboard; name = Base; path = Base.lproj/Main.storyboard; sourceTree = "<group>"; };
		368F2A581DB8532800D9F997 /* Assets.xcassets */ = {isa = PBXFileReference; lastKnownFileType = folder.assetcatalog; path = Assets.xcassets; sourceTree = "<group>"; };
		368F2A5B1DB8532800D9F997 /* Base */ = {isa = PBXFileReference; lastKnownFileType = file.storyboard; name = Base; path = Base.lproj/LaunchScreen.storyboard; sourceTree = "<group>"; };
		368F2A5D1DB8532900D9F997 /* Info.plist */ = {isa = PBXFileReference; lastKnownFileType = text.plist.xml; path = Info.plist; sourceTree = "<group>"; };
		368F2A621DB8532900D9F997 /* 动画Tests.xctest */ = {isa = PBXFileReference; explicitFileType = wrapper.cfbundle; includeInIndex = 0; path = "动画Tests.xctest"; sourceTree = BUILT_PRODUCTS_DIR; };
		368F2A661DB8532900D9F997 /* __Tests.m */ = {isa = PBXFileReference; lastKnownFileType = sourcecode.c.objc; path = __Tests.m; sourceTree = "<group>"; };
		368F2A681DB8532900D9F997 /* Info.plist */ = {isa = PBXFileReference; lastKnownFileType = text.plist.xml; path = Info.plist; sourceTree = "<group>"; };
		368F2A6D1DB8532900D9F997 /* 动画UITests.xctest */ = {isa = PBXFileReference; explicitFileType = wrapper.cfbundle; includeInIndex = 0; path = "动画UITests.xctest"; sourceTree = BUILT_PRODUCTS_DIR; };
		368F2A711DB8532900D9F997 /* __UITests.m */ = {isa = PBXFileReference; lastKnownFileType = sourcecode.c.objc; path = __UITests.m; sourceTree = "<group>"; };
		368F2A731DB8532900D9F997 /* Info.plist */ = {isa = PBXFileReference; lastKnownFileType = text.plist.xml; path = Info.plist; sourceTree = "<group>"; };
		368F2A801DB8A6C000D9F997 /* FireViewController.h */ = {isa = PBXFileReference; fileEncoding = 4; lastKnownFileType = sourcecode.c.h; path = FireViewController.h; sourceTree = "<group>"; };
		368F2A811DB8A6C000D9F997 /* FireViewController.m */ = {isa = PBXFileReference; fileEncoding = 4; lastKnownFileType = sourcecode.c.objc; path = FireViewController.m; sourceTree = "<group>"; };
		368F2A831DB8A89400D9F997 /* hhh.png */ = {isa = PBXFileReference; lastKnownFileType = image.png; path = hhh.png; sourceTree = "<group>"; };
		368F2A851DB8AA1800D9F997 /* chat_unlove_pressed.png */ = {isa = PBXFileReference; lastKnownFileType = image.png; path = chat_unlove_pressed.png; sourceTree = "<group>"; };
/* End PBXFileReference section */

/* Begin PBXFrameworksBuildPhase section */
		368F2A461DB8532600D9F997 /* Frameworks */ = {
			isa = PBXFrameworksBuildPhase;
			buildActionMask = 2147483647;
			files = (
			);
			runOnlyForDeploymentPostprocessing = 0;
		};
		368F2A5F1DB8532900D9F997 /* Frameworks */ = {
			isa = PBXFrameworksBuildPhase;
			buildActionMask = 2147483647;
			files = (
			);
			runOnlyForDeploymentPostprocessing = 0;
		};
		368F2A6A1DB8532900D9F997 /* Frameworks */ = {
			isa = PBXFrameworksBuildPhase;
			buildActionMask = 2147483647;
			files = (
			);
			runOnlyForDeploymentPostprocessing = 0;
		};
/* End PBXFrameworksBuildPhase section */

/* Begin PBXGroup section */
		368F2A401DB8532600D9F997 = {
			isa = PBXGroup;
			children = (
				368F2A4B1DB8532700D9F997 /* 动画 */,
				368F2A651DB8532900D9F997 /* 动画Tests */,
				368F2A701DB8532900D9F997 /* 动画UITests */,
				368F2A4A1DB8532600D9F997 /* Products */,
			);
			sourceTree = "<group>";
		};
		368F2A4A1DB8532600D9F997 /* Products */ = {
			isa = PBXGroup;
			children = (
				368F2A491DB8532600D9F997 /* 动画.app */,
				368F2A621DB8532900D9F997 /* 动画Tests.xctest */,
				368F2A6D1DB8532900D9F997 /* 动画UITests.xctest */,
			);
			name = Products;
			sourceTree = "<group>";
		};
		368F2A4B1DB8532700D9F997 /* 动画 */ = {
			isa = PBXGroup;
			children = (
				368F2A831DB8A89400D9F997 /* hhh.png */,
				368F2A851DB8AA1800D9F997 /* chat_unlove_pressed.png */,
				368F2A4F1DB8532700D9F997 /* AppDelegate.h */,
				368F2A501DB8532700D9F997 /* AppDelegate.m */,
				368F2A521DB8532700D9F997 /* ViewController.h */,
				368F2A531DB8532700D9F997 /* ViewController.m */,
				368F2A7F1DB8538E00D9F997 /* CoreAnimation */,
				368F2A551DB8532800D9F997 /* Main.storyboard */,
				368F2A581DB8532800D9F997 /* Assets.xcassets */,
				368F2A5A1DB8532800D9F997 /* LaunchScreen.storyboard */,
				368F2A5D1DB8532900D9F997 /* Info.plist */,
				368F2A4C1DB8532700D9F997 /* Supporting Files */,
			);
			path = "动画";
			sourceTree = "<group>";
		};
		368F2A4C1DB8532700D9F997 /* Supporting Files */ = {
			isa = PBXGroup;
			children = (
				368F2A4D1DB8532700D9F997 /* main.m */,
			);
			name = "Supporting Files";
			sourceTree = "<group>";
		};
		368F2A651DB8532900D9F997 /* 动画Tests */ = {
			isa = PBXGroup;
			children = (
				368F2A661DB8532900D9F997 /* __Tests.m */,
				368F2A681DB8532900D9F997 /* Info.plist */,
			);
			path = "动画Tests";
			sourceTree = "<group>";
		};
		368F2A701DB8532900D9F997 /* 动画UITests */ = {
			isa = PBXGroup;
			children = (
				368F2A711DB8532900D9F997 /* __UITests.m */,
				368F2A731DB8532900D9F997 /* Info.plist */,
			);
			path = "动画UITests";
			sourceTree = "<group>";
		};
		368F2A7F1DB8538E00D9F997 /* CoreAnimation */ = {
			isa = PBXGroup;
			children = (
				368F2A801DB8A6C000D9F997 /* FireViewController.h */,
				368F2A811DB8A6C000D9F997 /* FireViewController.m */,
			);
			path = CoreAnimation;
			sourceTree = "<group>";
		};
/* End PBXGroup section */

/* Begin PBXNativeTarget section */
		368F2A481DB8532600D9F997 /* 动画 */ = {
			isa = PBXNativeTarget;
			buildConfigurationList = 368F2A761DB8532900D9F997 /* Build configuration list for PBXNativeTarget "动画" */;
			buildPhases = (
				368F2A451DB8532600D9F997 /* Sources */,
				368F2A461DB8532600D9F997 /* Frameworks */,
				368F2A471DB8532600D9F997 /* Resources */,
			);
			buildRules = (
			);
			dependencies = (
			);
			name = "动画";
			productName = "动画";
			productReference = 368F2A491DB8532600D9F997 /* 动画.app */;
			productType = "com.apple.product-type.application";
		};
		368F2A611DB8532900D9F997 /* 动画Tests */ = {
			isa = PBXNativeTarget;
			buildConfigurationList = 368F2A791DB8532900D9F997 /* Build configuration list for PBXNativeTarget "动画Tests" */;
			buildPhases = (
				368F2A5E1DB8532900D9F997 /* Sources */,
				368F2A5F1DB8532900D9F997 /* Frameworks */,
				368F2A601DB8532900D9F997 /* Resources */,
			);
			buildRules = (
			);
			dependencies = (
				368F2A641DB8532900D9F997 /* PBXTargetDependency */,
			);
			name = "动画Tests";
			productName = "动画Tests";
			productReference = 368F2A621DB8532900D9F997 /* 动画Tests.xctest */;
			productType = "com.apple.product-type.bundle.unit-test";
		};
		368F2A6C1DB8532900D9F997 /* 动画UITests */ = {
			isa = PBXNativeTarget;
			buildConfigurationList = 368F2A7C1DB8532900D9F997 /* Build configuration list for PBXNativeTarget "动画UITests" */;
			buildPhases = (
				368F2A691DB8532900D9F997 /* Sources */,
				368F2A6A1DB8532900D9F997 /* Frameworks */,
				368F2A6B1DB8532900D9F997 /* Resources */,
			);
			buildRules = (
			);
			dependencies = (
				368F2A6F1DB8532900D9F997 /* PBXTargetDependency */,
			);
			name = "动画UITests";
			productName = "动画UITests";
			productReference = 368F2A6D1DB8532900D9F997 /* 动画UITests.xctest */;
			productType = "com.apple.product-type.bundle.ui-testing";
		};
/* End PBXNativeTarget section */

/* Begin PBXProject section */
		368F2A411DB8532600D9F997 /* Project object */ = {
			isa = PBXProject;
			attributes = {
				LastUpgradeCheck = 0800;
				ORGANIZATIONNAME = Ruanan;
				TargetAttributes = {
					368F2A481DB8532600D9F997 = {
						CreatedOnToolsVersion = 8.0;
						DevelopmentTeam = T6E43D9JDV;
						ProvisioningStyle = Automatic;
					};
					368F2A611DB8532900D9F997 = {
						CreatedOnToolsVersion = 8.0;
						DevelopmentTeam = T6E43D9JDV;
						ProvisioningStyle = Automatic;
						TestTargetID = 368F2A481DB8532600D9F997;
					};
					368F2A6C1DB8532900D9F997 = {
						CreatedOnToolsVersion = 8.0;
						DevelopmentTeam = T6E43D9JDV;
						ProvisioningStyle = Automatic;
						TestTargetID = 368F2A481DB8532600D9F997;
					};
				};
			};
			buildConfigurationList = 368F2A441DB8532600D9F997 /* Build configuration list for PBXProject "动画" */;
			compatibilityVersion = "Xcode 3.2";
			developmentRegion = English;
			hasScannedForEncodings = 0;
			knownRegions = (
				en,
				Base,
			);
			mainGroup = 368F2A401DB8532600D9F997;
			productRefGroup = 368F2A4A1DB8532600D9F997 /* Products */;
			projectDirPath = "";
			projectRoot = "";
			targets = (
				368F2A481DB8532600D9F997 /* 动画 */,
				368F2A611DB8532900D9F997 /* 动画Tests */,
				368F2A6C1DB8532900D9F997 /* 动画UITests */,
			);
		};
/* End PBXProject section */

/* Begin PBXResourcesBuildPhase section */
		368F2A471DB8532600D9F997 /* Resources */ = {
			isa = PBXResourcesBuildPhase;
			buildActionMask = 2147483647;
			files = (
				368F2A5C1DB8532800D9F997 /* LaunchScreen.storyboard in Resources */,
				368F2A861DB8AA1800D9F997 /* chat_unlove_pressed.png in Resources */,
				368F2A591DB8532800D9F997 /* Assets.xcassets in Resources */,
				368F2A571DB8532800D9F997 /* Main.storyboard in Resources */,
				368F2A841DB8A89400D9F997 /* hhh.png in Resources */,
			);
			runOnlyForDeploymentPostprocessing = 0;
		};
		368F2A601DB8532900D9F997 /* Resources */ = {
			isa = PBXResourcesBuildPhase;
			buildActionMask = 2147483647;
			files = (
			);
			runOnlyForDeploymentPostprocessing = 0;
		};
		368F2A6B1DB8532900D9F997 /* Resources */ = {
			isa = PBXResourcesBuildPhase;
			buildActionMask = 2147483647;
			files = (
			);
			runOnlyForDeploymentPostprocessing = 0;
		};
/* End PBXResourcesBuildPhase section */

/* Begin PBXSourcesBuildPhase section */
		368F2A451DB8532600D9F997 /* Sources */ = {
			isa = PBXSourcesBuildPhase;
			buildActionMask = 2147483647;
			files = (
				368F2A821DB8A6C100D9F997 /* FireViewController.m in Sources */,
				368F2A541DB8532700D9F997 /* ViewController.m in Sources */,
				368F2A511DB8532700D9F997 /* AppDelegate.m in Sources */,
				368F2A4E1DB8532700D9F997 /* main.m in Sources */,
			);
			runOnlyForDeploymentPostprocessing = 0;
		};
		368F2A5E1DB8532900D9F997 /* Sources */ = {
			isa = PBXSourcesBuildPhase;
			buildActionMask = 2147483647;
			files = (
				368F2A671DB8532900D9F997 /* __Tests.m in Sources */,
			);
			runOnlyForDeploymentPostprocessing = 0;
		};
		368F2A691DB8532900D9F997 /* Sources */ = {
			isa = PBXSourcesBuildPhase;
			buildActionMask = 2147483647;
			files = (
				368F2A721DB8532900D9F997 /* __UITests.m in Sources */,
			);
			runOnlyForDeploymentPostprocessing = 0;
		};
/* End PBXSourcesBuildPhase section */

/* Begin PBXTargetDependency section */
		368F2A641DB8532900D9F997 /* PBXTargetDependency */ = {
			isa = PBXTargetDependency;
			target = 368F2A481DB8532600D9F997 /* 动画 */;
			targetProxy = 368F2A631DB8532900D9F997 /* PBXContainerItemProxy */;
		};
		368F2A6F1DB8532900D9F997 /* PBXTargetDependency */ = {
			isa = PBXTargetDependency;
			target = 368F2A481DB8532600D9F997 /* 动画 */;
			targetProxy = 368F2A6E1DB8532900D9F997 /* PBXContainerItemProxy */;
		};
/* End PBXTargetDependency section */

/* Begin PBXVariantGroup section */
		368F2A551DB8532800D9F997 /* Main.storyboard */ = {
			isa = PBXVariantGroup;
			children = (
				368F2A561DB8532800D9F997 /* Base */,
			);
			name = Main.storyboard;
			sourceTree = "<group>";
		};
		368F2A5A1DB8532800D9F997 /* LaunchScreen.storyboard */ = {
			isa = PBXVariantGroup;
			children = (
				368F2A5B1DB8532800D9F997 /* Base */,
			);
			name = LaunchScreen.storyboard;
			sourceTree = "<group>";
		};
/* End PBXVariantGroup section */

/* Begin XCBuildConfiguration section */
		368F2A741DB8532900D9F997 /* Debug */ = {
			isa = XCBuildConfiguration;
			buildSettings = {
				ALWAYS_SEARCH_USER_PATHS = NO;
				CLANG_ANALYZER_NONNULL = YES;
				CLANG_CXX_LANGUAGE_STANDARD = "gnu++0x";
				CLANG_CXX_LIBRARY = "libc++";
				CLANG_ENABLE_MODULES = YES;
				CLANG_ENABLE_OBJC_ARC = YES;
				CLANG_WARN_BOOL_CONVERSION = YES;
				CLANG_WARN_CONSTANT_CONVERSION = YES;
				CLANG_WARN_DIRECT_OBJC_ISA_USAGE = YES_ERROR;
				CLANG_WARN_DOCUMENTATION_COMMENTS = YES;
				CLANG_WARN_EMPTY_BODY = YES;
				CLANG_WARN_ENUM_CONVERSION = YES;
				CLANG_WARN_INFINITE_RECURSION = YES;
				CLANG_WARN_INT_CONVERSION = YES;
				CLANG_WARN_OBJC_ROOT_CLASS = YES_ERROR;
				CLANG_WARN_SUSPICIOUS_MOVES = YES;
				CLANG_WARN_UNREACHABLE_CODE = YES;
				CLANG_WARN__DUPLICATE_METHOD_MATCH = YES;
				"CODE_SIGN_IDENTITY[sdk=iphoneos*]" = "iPhone Developer";
				COPY_PHASE_STRIP = NO;
				DEBUG_INFORMATION_FORMAT = dwarf;
				ENABLE_STRICT_OBJC_MSGSEND = YES;
				ENABLE_TESTABILITY = YES;
				GCC_C_LANGUAGE_STANDARD = gnu99;
				GCC_DYNAMIC_NO_PIC = NO;
				GCC_NO_COMMON_BLOCKS = YES;
				GCC_OPTIMIZATION_LEVEL = 0;
				GCC_PREPROCESSOR_DEFINITIONS = (
					"DEBUG=1",
					"$(inherited)",
				);
				GCC_WARN_64_TO_32_BIT_CONVERSION = YES;
				GCC_WARN_ABOUT_RETURN_TYPE = YES_ERROR;
				GCC_WARN_UNDECLARED_SELECTOR = YES;
				GCC_WARN_UNINITIALIZED_AUTOS = YES_AGGRESSIVE;
				GCC_WARN_UNUSED_FUNCTION = YES;
				GCC_WARN_UNUSED_VARIABLE = YES;
				IPHONEOS_DEPLOYMENT_TARGET = 10.0;
				MTL_ENABLE_DEBUG_INFO = YES;
				ONLY_ACTIVE_ARCH = YES;
				SDKROOT = iphoneos;
			};
			name = Debug;
		};
		368F2A751DB8532900D9F997 /* Release */ = {
			isa = XCBuildConfiguration;
			buildSettings = {
				ALWAYS_SEARCH_USER_PATHS = NO;
				CLANG_ANALYZER_NONNULL = YES;
				CLANG_CXX_LANGUAGE_STANDARD = "gnu++0x";
				CLANG_CXX_LIBRARY = "libc++";
				CLANG_ENABLE_MODULES = YES;
				CLANG_ENABLE_OBJC_ARC = YES;
				CLANG_WARN_BOOL_CONVERSION = YES;
				CLANG_WARN_CONSTANT_CONVERSION = YES;
				CLANG_WARN_DIRECT_OBJC_ISA_USAGE = YES_ERROR;
				CLANG_WARN_DOCUMENTATION_COMMENTS = YES;
				CLANG_WARN_EMPTY_BODY = YES;
				CLANG_WARN_ENUM_CONVERSION = YES;
				CLANG_WARN_INFINITE_RECURSION = YES;
				CLANG_WARN_INT_CONVERSION = YES;
				CLANG_WARN_OBJC_ROOT_CLASS = YES_ERROR;
				CLANG_WARN_SUSPICIOUS_MOVES = YES;
				CLANG_WARN_UNREACHABLE_CODE = YES;
				CLANG_WARN__DUPLICATE_METHOD_MATCH = YES;
				"CODE_SIGN_IDENTITY[sdk=iphoneos*]" = "iPhone Developer";
				COPY_PHASE_STRIP = NO;
				DEBUG_INFORMATION_FORMAT = "dwarf-with-dsym";
				ENABLE_NS_ASSERTIONS = NO;
				ENABLE_STRICT_OBJC_MSGSEND = YES;
				GCC_C_LANGUAGE_STANDARD = gnu99;
				GCC_NO_COMMON_BLOCKS = YES;
				GCC_WARN_64_TO_32_BIT_CONVERSION = YES;
				GCC_WARN_ABOUT_RETURN_TYPE = YES_ERROR;
				GCC_WARN_UNDECLARED_SELECTOR = YES;
				GCC_WARN_UNINITIALIZED_AUTOS = YES_AGGRESSIVE;
				GCC_WARN_UNUSED_FUNCTION = YES;
				GCC_WARN_UNUSED_VARIABLE = YES;
				IPHONEOS_DEPLOYMENT_TARGET = 10.0;
				MTL_ENABLE_DEBUG_INFO = NO;
				SDKROOT = iphoneos;
				VALIDATE_PRODUCT = YES;
			};
			name = Release;
		};
		368F2A771DB8532900D9F997 /* Debug */ = {
			isa = XCBuildConfiguration;
			buildSettings = {
				ASSETCATALOG_COMPILER_APPICON_NAME = AppIcon;
				DEVELOPMENT_TEAM = T6E43D9JDV;
				INFOPLIST_FILE = "动画/Info.plist";
				LD_RUNPATH_SEARCH_PATHS = "$(inherited) @executable_path/Frameworks";
				PRODUCT_BUNDLE_IDENTIFIER = "wangxumin.--";
				PRODUCT_NAME = "$(TARGET_NAME)";
			};
			name = Debug;
		};
		368F2A781DB8532900D9F997 /* Release */ = {
			isa = XCBuildConfiguration;
			buildSettings = {
				ASSETCATALOG_COMPILER_APPICON_NAME = AppIcon;
				DEVELOPMENT_TEAM = T6E43D9JDV;
				INFOPLIST_FILE = "动画/Info.plist";
				LD_RUNPATH_SEARCH_PATHS = "$(inherited) @executable_path/Frameworks";
				PRODUCT_BUNDLE_IDENTIFIER = "wangxumin.--";
				PRODUCT_NAME = "$(TARGET_NAME)";
			};
			name = Release;
		};
		368F2A7A1DB8532900D9F997 /* Debug */ = {
			isa = XCBuildConfiguration;
			buildSettings = {
				BUNDLE_LOADER = "$(TEST_HOST)";
				DEVELOPMENT_TEAM = T6E43D9JDV;
				INFOPLIST_FILE = "动画Tests/Info.plist";
				LD_RUNPATH_SEARCH_PATHS = "$(inherited) @executable_path/Frameworks @loader_path/Frameworks";
				PRODUCT_BUNDLE_IDENTIFIER = "wangxumin.--Tests";
				PRODUCT_NAME = "$(TARGET_NAME)";
				TEST_HOST = "$(BUILT_PRODUCTS_DIR)/动画.app/动画";
			};
			name = Debug;
		};
		368F2A7B1DB8532900D9F997 /* Release */ = {
			isa = XCBuildConfiguration;
			buildSettings = {
				BUNDLE_LOADER = "$(TEST_HOST)";
				DEVELOPMENT_TEAM = T6E43D9JDV;
				INFOPLIST_FILE = "动画Tests/Info.plist";
				LD_RUNPATH_SEARCH_PATHS = "$(inherited) @executable_path/Frameworks @loader_path/Frameworks";
				PRODUCT_BUNDLE_IDENTIFIER = "wangxumin.--Tests";
				PRODUCT_NAME = "$(TARGET_NAME)";
				TEST_HOST = "$(BUILT_PRODUCTS_DIR)/动画.app/动画";
			};
			name = Release;
		};
		368F2A7D1DB8532900D9F997 /* Debug */ = {
			isa = XCBuildConfiguration;
			buildSettings = {
				DEVELOPMENT_TEAM = T6E43D9JDV;
				INFOPLIST_FILE = "动画UITests/Info.plist";
				LD_RUNPATH_SEARCH_PATHS = "$(inherited) @executable_path/Frameworks @loader_path/Frameworks";
				PRODUCT_BUNDLE_IDENTIFIER = "wangxumin.--UITests";
				PRODUCT_NAME = "$(TARGET_NAME)";
				TEST_TARGET_NAME = "动画";
			};
			name = Debug;
		};
		368F2A7E1DB8532900D9F997 /* Release */ = {
			isa = XCBuildConfiguration;
			buildSettings = {
				DEVELOPMENT_TEAM = T6E43D9JDV;
				INFOPLIST_FILE = "动画UITests/Info.plist";
				LD_RUNPATH_SEARCH_PATHS = "$(inherited) @executable_path/Frameworks @loader_path/Frameworks";
				PRODUCT_BUNDLE_IDENTIFIER = "wangxumin.--UITests";
				PRODUCT_NAME = "$(TARGET_NAME)";
				TEST_TARGET_NAME = "动画";
			};
			name = Release;
		};
/* End XCBuildConfiguration section */

/* Begin XCConfigurationList section */
		368F2A441DB8532600D9F997 /* Build configuration list for PBXProject "动画" */ = {
			isa = XCConfigurationList;
			buildConfigurations = (
				368F2A741DB8532900D9F997 /* Debug */,
				368F2A751DB8532900D9F997 /* Release */,
			);
			defaultConfigurationIsVisible = 0;
			defaultConfigurationName = Release;
		};
		368F2A761DB8532900D9F997 /* Build configuration list for PBXNativeTarget "动画" */ = {
			isa = XCConfigurationList;
			buildConfigurations = (
				368F2A771DB8532900D9F997 /* Debug */,
				368F2A781DB8532900D9F997 /* Release */,
			);
			defaultConfigurationIsVisible = 0;
		};
		368F2A791DB8532900D9F997 /* Build configuration list for PBXNativeTarget "动画Tests" */ = {
			isa = XCConfigurationList;
			buildConfigurations = (
				368F2A7A1DB8532900D9F997 /* Debug */,
				368F2A7B1DB8532900D9F997 /* Release */,
			);
			defaultConfigurationIsVisible = 0;
		};
		368F2A7C1DB8532900D9F997 /* Build configuration list for PBXNativeTarget "动画UITests" */ = {
			isa = XCConfigurationList;
			buildConfigurations = (
				368F2A7D1DB8532900D9F997 /* Debug */,
				368F2A7E1DB8532900D9F997 /* Release */,
			);
			defaultConfigurationIsVisible = 0;
		};
/* End XCConfigurationList section */
	};
	rootObject = 368F2A411DB8532600D9F997 /* Project object */;
}
